
Microsoft Visual Studio Solution File, Format Version 11.00
# Visual Studio 2010
Project("{FAE04EC0-301F-11D3-BF4B-00C04F79EFBC}") = "MultiPongSimple", "Assembly-CSharp-firstpass.csproj", "{ACAF87B5-D13C-6136-CD57-135240324359}"
EndProject
Project("{FAE04EC0-301F-11D3-BF4B-00C04F79EFBC}") = "MultiPongSimple", "Assembly-CSharp.csproj", "{B0F83B30-7F69-EC7B-B5E2-5E510E86293A}"
EndProject
Project("{FAE04EC0-301F-11D3-BF4B-00C04F79EFBC}") = "MultiPongSimple", "Assembly-CSharp-Editor.csproj", "{9439E1F0-C949-D824-02FB-D085B3DCEC7D}"
EndProject
Global
	GlobalSection(SolutionConfigurationPlatforms) = preSolution
		Debug|Any CPU = Debug|Any CPU
		Release|Any CPU = Release|Any CPU
	EndGlobalSection
	GlobalSection(ProjectConfigurationPlatforms) = postSolution
		{ACAF87B5-D13C-6136-CD57-135240324359}.Debug|Any CPU.ActiveCfg = Debug|Any CPU
		{ACAF87B5-D13C-6136-CD57-135240324359}.Debug|Any CPU.Build.0 = Debug|Any CPU
		{ACAF87B5-D13C-6136-CD57-135240324359}.Release|Any CPU.ActiveCfg = Release|Any CPU
		{ACAF87B5-D13C-6136-CD57-135240324359}.Release|Any CPU.Build.0 = Release|Any CPU
		{B0F83B30-7F69-EC7B-B5E2-5E510E86293A}.Debug|Any CPU.ActiveCfg = Debug|Any CPU
		{B0F83B30-7F69-EC7B-B5E2-5E510E86293A}.Debug|Any CPU.Build.0 = Debug|Any CPU
		{B0F83B30-7F69-EC7B-B5E2-5E510E86293A}.Release|Any CPU.ActiveCfg = Release|Any CPU
		{B0F83B30-7F69-EC7B-B5E2-5E510E86293A}.Release|Any CPU.Build.0 = Release|Any CPU
		{9439E1F0-C949-D824-02FB-D085B3DCEC7D}.Debug|Any CPU.ActiveCfg = Debug|Any CPU
		{9439E1F0-C949-D824-02FB-D085B3DCEC7D}.Debug|Any CPU.Build.0 = Debug|Any CPU
		{9439E1F0-C949-D824-02FB-D085B3DCEC7D}.Release|Any CPU.ActiveCfg = Release|Any CPU
		{9439E1F0-C949-D824-02FB-D085B3DCEC7D}.Release|Any CPU.Build.0 = Release|Any CPU
	EndGlobalSection
	GlobalSection(SolutionProperties) = preSolution
		HideSolutionNode = FALSE
	EndGlobalSection
	GlobalSection(MonoDevelopProperties) = preSolution
		StartupItem = Assembly-CSharp.csproj
	EndGlobalSection
EndGlobal
